
Microsoft Visual Studio Solution File, Format Version 12.00
# Visual Studio Version 16
VisualStudioVersion = 16.0.30114.105
MinimumVisualStudioVersion = 10.0.40219.1
Project("{FAE04EC0-301F-11D3-BF4B-00C04F79EFBC}") = "PmpApiClient", "PmpApiClient\PmpApiClient.csproj", "{2BB232F7-39E9-4C9D-BDD7-D1288CC82E13}"
EndProject
Project("{FAE04EC0-301F-11D3-BF4B-00C04F79EFBC}") = "PmpApiClientTests", "PmpApiClientTests\PmpApiClientTests.csproj", "{D01889D3-7C69-44C7-8604-8D09E1BFB71E}"
EndProject
Project("{FAE04EC0-301F-11D3-BF4B-00C04F79EFBC}") = "KennyApi", "KennyApi\KennyApi.csproj", "{32B6FCA9-953A-47F7-926F-4ABE79C0B4B8}"
EndProject
Global
	GlobalSection(SolutionConfigurationPlatforms) = preSolution
		Debug|Any CPU = Debug|Any CPU
		Release|Any CPU = Release|Any CPU
	EndGlobalSection
	GlobalSection(SolutionProperties) = preSolution
		HideSolutionNode = FALSE
	EndGlobalSection
	GlobalSection(ProjectConfigurationPlatforms) = postSolution
		{2BB232F7-39E9-4C9D-BDD7-D1288CC82E13}.Debug|Any CPU.ActiveCfg = Debug|Any CPU
		{2BB232F7-39E9-4C9D-BDD7-D1288CC82E13}.Debug|Any CPU.Build.0 = Debug|Any CPU
		{2BB232F7-39E9-4C9D-BDD7-D1288CC82E13}.Release|Any CPU.ActiveCfg = Release|Any CPU
		{2BB232F7-39E9-4C9D-BDD7-D1288CC82E13}.Release|Any CPU.Build.0 = Release|Any CPU
		{D01889D3-7C69-44C7-8604-8D09E1BFB71E}.Debug|Any CPU.ActiveCfg = Debug|Any CPU
		{D01889D3-7C69-44C7-8604-8D09E1BFB71E}.Debug|Any CPU.Build.0 = Debug|Any CPU
		{D01889D3-7C69-44C7-8604-8D09E1BFB71E}.Release|Any CPU.ActiveCfg = Release|Any CPU
		{D01889D3-7C69-44C7-8604-8D09E1BFB71E}.Release|Any CPU.Build.0 = Release|Any CPU
		{32B6FCA9-953A-47F7-926F-4ABE79C0B4B8}.Debug|Any CPU.ActiveCfg = Debug|Any CPU
		{32B6FCA9-953A-47F7-926F-4ABE79C0B4B8}.Debug|Any CPU.Build.0 = Debug|Any CPU
		{32B6FCA9-953A-47F7-926F-4ABE79C0B4B8}.Release|Any CPU.ActiveCfg = Release|Any CPU
		{32B6FCA9-953A-47F7-926F-4ABE79C0B4B8}.Release|Any CPU.Build.0 = Release|Any CPU
	EndGlobalSection
EndGlobal
